
Microsoft Visual Studio Solution File, Format Version 12.00
# Visual Studio 2013
VisualStudioVersion = 12.0.40629.0
MinimumVisualStudioVersion = 10.0.40219.1
Project("{FAE04EC0-301F-11D3-BF4B-00C04F79EFBC}") = "DERMSConfig", "DermsInterface\DERMSConfig.csproj", "{BB948A64-8C97-4043-9F0D-CA306E37CCEE}"
EndProject
Project("{FAE04EC0-301F-11D3-BF4B-00C04F79EFBC}") = "DERMSInterface", "..\DERMSInterface\DERMSInterface\DERMSInterface.csproj", "{1BAB88A0-34B8-4BDA-B5F9-2E922BFD69B6}"
EndProject
Global
	GlobalSection(SolutionConfigurationPlatforms) = preSolution
		Debug|Any CPU = Debug|Any CPU
		Release|Any CPU = Release|Any CPU
	EndGlobalSection
	GlobalSection(ProjectConfigurationPlatforms) = postSolution
		{BB948A64-8C97-4043-9F0D-CA306E37CCEE}.Debug|Any CPU.ActiveCfg = Debug|Any CPU
		{BB948A64-8C97-4043-9F0D-CA306E37CCEE}.Debug|Any CPU.Build.0 = Debug|Any CPU
		{BB948A64-8C97-4043-9F0D-CA306E37CCEE}.Release|Any CPU.ActiveCfg = Release|Any CPU
		{BB948A64-8C97-4043-9F0D-CA306E37CCEE}.Release|Any CPU.Build.0 = Release|Any CPU
		{1BAB88A0-34B8-4BDA-B5F9-2E922BFD69B6}.Debug|Any CPU.ActiveCfg = Debug|Any CPU
		{1BAB88A0-34B8-4BDA-B5F9-2E922BFD69B6}.Debug|Any CPU.Build.0 = Debug|Any CPU
		{1BAB88A0-34B8-4BDA-B5F9-2E922BFD69B6}.Release|Any CPU.ActiveCfg = Release|Any CPU
		{1BAB88A0-34B8-4BDA-B5F9-2E922BFD69B6}.Release|Any CPU.Build.0 = Release|Any CPU
	EndGlobalSection
	GlobalSection(SolutionProperties) = preSolution
		HideSolutionNode = FALSE
	EndGlobalSection
EndGlobal
